{
  "version": 4,
  "terraform_version": "1.8.3",
  "serial": 6,
  "lineage": "f9bbe418-f017-4a2b-ba91-d55288a34939",
  "outputs": {},
  "resources": [
    {
      "module": "module.gke_cluster",
      "mode": "managed",
      "type": "google_container_cluster",
      "name": "this",
      "provider": "module.gke_cluster.provider[\"registry.terraform.io/hashicorp/google\"]",
      "instances": [
        {
          "schema_version": 1,
          "attributes": {
            "addons_config": [
              {
                "cloudrun_config": [],
                "config_connector_config": [],
                "dns_cache_config": [],
                "gce_persistent_disk_csi_driver_config": [
                  {
                    "enabled": true
                  }
                ],
                "gcp_filestore_csi_driver_config": [],
                "gke_backup_agent_config": [],
                "horizontal_pod_autoscaling": [],
                "http_load_balancing": [],
                "network_policy_config": [
                  {
                    "disabled": true
                  }
                ]
              }
            ],
            "authenticator_groups_config": [],
            "binary_authorization": [
              {
                "enabled": false,
                "evaluation_mode": ""
              }
            ],
            "cluster_autoscaling": [
              {
                "auto_provisioning_defaults": [],
                "enabled": false,
                "resource_limits": []
              }
            ],
            "cluster_ipv4_cidr": "10.4.0.0/14",
            "confidential_nodes": [],
            "cost_management_config": [],
            "database_encryption": [
              {
                "key_name": "",
                "state": "DECRYPTED"
              }
            ],
            "datapath_provider": "",
            "default_max_pods_per_node": null,
            "default_snat_status": [
              {
                "disabled": false
              }
            ],
            "description": "",
            "dns_config": [],
            "enable_autopilot": false,
            "enable_binary_authorization": false,
            "enable_intranode_visibility": false,
            "enable_kubernetes_alpha": false,
            "enable_l4_ilb_subsetting": false,
            "enable_legacy_abac": false,
            "enable_shielded_nodes": true,
            "enable_tpu": false,
            "endpoint": "35.204.177.63",
            "gateway_api_config": [],
            "id": "projects/vshpelyk-devops/locations/europe-west4/clusters/main",
            "initial_node_count": 10,
            "ip_allocation_policy": [],
            "label_fingerprint": "a9dc16a7",
            "location": "europe-west4",
            "logging_config": [
              {
                "enable_components": [
                  "SYSTEM_COMPONENTS",
                  "WORKLOADS"
                ]
              }
            ],
            "logging_service": "logging.googleapis.com/kubernetes",
            "maintenance_policy": [],
            "master_auth": [
              {
                "client_certificate": "",
                "client_certificate_config": [
                  {
                    "issue_client_certificate": false
                  }
                ],
                "client_key": "",
                "cluster_ca_certificate": "LS0tLS1CRUdJTiBDRVJUSUZJQ0FURS0tLS0tCk1JSUVMVENDQXBXZ0F3SUJBZ0lSQVByeHZjL1JGb0tJYnFFc0VjT2RiUDB3RFFZSktvWklodmNOQVFFTEJRQXcKTHpFdE1Dc0dBMVVFQXhNa1ptSXlNakEwTVRrdE1UZ3lNaTAwTXpNeExUazRaVFF0Wm1JNFptSmlNRFUyWXpCbApNQ0FYRFRJME1EVXhNekU1TWpJMU5Gb1lEekl3TlRRd05UQTJNakF5TWpVMFdqQXZNUzB3S3dZRFZRUURFeVJtCllqSXlNRFF4T1MweE9ESXlMVFF6TXpFdE9UaGxOQzFtWWpobVltSXdOVFpqTUdVd2dnR2lNQTBHQ1NxR1NJYjMKRFFFQkFRVUFBNElCandBd2dnR0tBb0lCZ1FDSFpkUUJOMXFmdmZPb0lRakNSTWNKWnFkeWMzRG1vZHNsdEZuaApzczh5ZzVEc2trMFVUWE5GSVBlZ3FZM2lZSFdocVFHbzh5bE1hOVhKUWZpS3NmZTZHRzZBb01RMSs2dFdMMzZCCmt3RXN5cXlTVjM1TEw1ZC9WendQWFA4NzNsR0ltMHRPcjBseGxUV0lNaEV3czhyTC9wVzBFWmtXTnZ2R1N1c0sKcDdEakptaFBxc2tUb0x1M3BFWXJXK2JjZ1lwYlNXeGVDVWlxZlo5aGpxandzWEttMmM1MzVEUC9OOEJuakRjWQpHRU1HN08weGxCVEU0NkFVQkN0bUVNZlJvcW80c20xUE1rRkt6aEo3RWFvN2hCTmlndkxxY21VWXNOanFnQVNSCmNZakZGdVhvZ01QZlVwMGZDcVVRV0d3bHM0MGxCWmdQWDZFMlFIOTVLNmJvMXo5UllpUlc2ZDJ4K0ZBT3JKRk0KaUE3d0hhZGVJL2daVyt0NEFsNGZtTnJWOWxlV3NGVEgzUlJUYzVURkEwYkdYNnJVWU4rc3YrV04zcjNtMEM1RAo4eE1xc3k2ZjdYd0hHN2UvYzh5TkU3S2dLMGZqSzRmNVZ5NytaQmF3NzhVWFlaVW1ROFNIeWJ4cGdkUXBzZG1kCi9UTytOaU5IOUY2RVRqM3A3WGlGcDFSSXZVVUNBd0VBQWFOQ01FQXdEZ1lEVlIwUEFRSC9CQVFEQWdJRU1BOEcKQTFVZEV3RUIvd1FGTUFNQkFmOHdIUVlEVlIwT0JCWUVGTUNpaTByclVlbTVwbHdYbVpHMWhrNzhsS3pITUEwRwpDU3FHU0liM0RRRUJDd1VBQTRJQmdRQTJVNjh3Zlg2RmswTXRjTlVDMGNQT2Y3RTVLYVUzcjc0SWtLQ05SWTR3Ck8xeExlUXVQZ1Y4S0Ntd2k0Uzh3dnFmbGVTV0hLTzN4UEY3UVJGMXVOQWZIVFB2TmQzaE5BVFo0eVRWZlp5OW4KQnN2UWJsZXowSmhaRWNJanp5SlBOaGd0R2UzdXZSN0VCSmpqMFQ4NWpEd0dyalBiZlMwMlQzcVk2RGZ4VWpNYQpJbmJsU1N1Ums5UWJtVllDM29pdkowcHFGR1Z2bEdzeVN0U2JSamhSb2F1K0N5RXNjVFM0Sm81RFhzTVUvYytBCnN2THYvQzdYdmtzNERPaFArRm1MaGpkWGUrQW44OVgxU3FjR2dIZ1dlV09OcXI2c1lhYWFleURZbkpma1pXN0cKSUNxMUFhV0Y2QkViTjlsRHpKcHJiRk5zTGJZOVNrT21DVE9vZmFZaU5nT0Z5MWtBMEN0WlZZVmhQYi9SWko3TgpCYkdYZUFjREJtbXh3a0RNNGJrYkF3T21EemVsaXdVWkY3bkpyS0lKdW54ZWdRSGNac1hQejlsUDNiUFFGQm9WClhDUlE2a29GT0U4Q2czQmkxQlFXL0ZMTDR4dmsrcSt2bDgxalJtRG9hbEVJUnVSSmFtS0NZOWNldnAyb1NsQisKNytOSEg3QXgyNVU0NThFTW91Y2g0MEU9Ci0tLS0tRU5EIENFUlRJRklDQVRFLS0tLS0K"
              }
            ],
            "master_authorized_networks_config": [],
            "master_version": "1.28.7-gke.1026000",
            "mesh_certificates": [],
            "min_master_version": null,
            "monitoring_config": [
              {
                "enable_components": [
                  "SYSTEM_COMPONENTS"
                ],
                "managed_prometheus": [
                  {
                    "enabled": true
                  }
                ]
              }
            ],
            "monitoring_service": "monitoring.googleapis.com/kubernetes",
            "name": "main",
            "network": "projects/vshpelyk-devops/global/networks/default",
            "network_policy": [
              {
                "enabled": false,
                "provider": "PROVIDER_UNSPECIFIED"
              }
            ],
            "networking_mode": "ROUTES",
            "node_config": [],
            "node_locations": [
              "europe-west4-a",
              "europe-west4-b",
              "europe-west4-c"
            ],
            "node_pool": [],
            "node_pool_defaults": [
              {
                "node_config_defaults": [
                  {
                    "logging_variant": "DEFAULT"
                  }
                ]
              }
            ],
            "node_version": "1.28.7-gke.1026000",
            "notification_config": [
              {
                "pubsub": [
                  {
                    "enabled": false,
                    "filter": [],
                    "topic": ""
                  }
                ]
              }
            ],
            "operation": null,
            "private_cluster_config": [
              {
                "enable_private_endpoint": false,
                "enable_private_nodes": false,
                "master_global_access_config": [
                  {
                    "enabled": false
                  }
                ],
                "master_ipv4_cidr_block": "",
                "peering_name": "",
                "private_endpoint": "10.164.0.2",
                "private_endpoint_subnetwork": "",
                "public_endpoint": "35.204.177.63"
              }
            ],
            "private_ipv6_google_access": "",
            "project": "vshpelyk-devops",
            "release_channel": [
              {
                "channel": "REGULAR"
              }
            ],
            "remove_default_node_pool": true,
            "resource_labels": null,
            "resource_usage_export_config": [],
            "self_link": "https://container.googleapis.com/v1/projects/vshpelyk-devops/locations/europe-west4/clusters/main",
            "service_external_ips_config": [
              {
                "enabled": false
              }
            ],
            "services_ipv4_cidr": "10.7.240.0/20",
            "subnetwork": "projects/vshpelyk-devops/regions/europe-west4/subnetworks/default",
            "timeouts": null,
            "tpu_ipv4_cidr_block": "",
            "vertical_pod_autoscaling": [],
            "workload_identity_config": [
              {
                "workload_pool": "vshpelyk-devops.svc.id.goog"
              }
            ]
          },
          "sensitive_attributes": [
            [
              {
                "type": "get_attr",
                "value": "master_auth"
              },
              {
                "type": "index",
                "value": {
                  "value": 0,
                  "type": "number"
                }
              },
              {
                "type": "get_attr",
                "value": "client_key"
              }
            ]
          ],
          "private": "eyJlMmJmYjczMC1lY2FhLTExZTYtOGY4OC0zNDM2M2JjN2M0YzAiOnsiY3JlYXRlIjoyNDAwMDAwMDAwMDAwLCJkZWxldGUiOjI0MDAwMDAwMDAwMDAsInJlYWQiOjI0MDAwMDAwMDAwMDAsInVwZGF0ZSI6MzYwMDAwMDAwMDAwMH0sInNjaGVtYV92ZXJzaW9uIjoiMSJ9"
        }
      ]
    },
    {
      "module": "module.gke_cluster",
      "mode": "managed",
      "type": "google_container_node_pool",
      "name": "this",
      "provider": "module.gke_cluster.provider[\"registry.terraform.io/hashicorp/google\"]",
      "instances": [
        {
          "schema_version": 1,
          "attributes": {
            "autoscaling": [],
            "cluster": "main",
            "id": "projects/vshpelyk-devops/locations/europe-west4/clusters/main/nodePools/main",
            "initial_node_count": 2,
            "instance_group_urls": [
              "https://www.googleapis.com/compute/v1/projects/vshpelyk-devops/zones/europe-west4-c/instanceGroupManagers/gke-main-main-265f06ab-grp",
              "https://www.googleapis.com/compute/v1/projects/vshpelyk-devops/zones/europe-west4-a/instanceGroupManagers/gke-main-main-25891b48-grp",
              "https://www.googleapis.com/compute/v1/projects/vshpelyk-devops/zones/europe-west4-b/instanceGroupManagers/gke-main-main-1144baf0-grp"
            ],
            "location": "europe-west4",
            "managed_instance_group_urls": [
              "https://www.googleapis.com/compute/v1/projects/vshpelyk-devops/zones/europe-west4-c/instanceGroups/gke-main-main-265f06ab-grp",
              "https://www.googleapis.com/compute/v1/projects/vshpelyk-devops/zones/europe-west4-a/instanceGroups/gke-main-main-25891b48-grp",
              "https://www.googleapis.com/compute/v1/projects/vshpelyk-devops/zones/europe-west4-b/instanceGroups/gke-main-main-1144baf0-grp"
            ],
            "management": [
              {
                "auto_repair": true,
                "auto_upgrade": true
              }
            ],
            "max_pods_per_node": null,
            "name": "main",
            "name_prefix": "",
            "network_config": [
              {
                "create_pod_range": false,
                "enable_private_nodes": false,
                "pod_ipv4_cidr_block": "",
                "pod_range": ""
              }
            ],
            "node_config": [
              {
                "boot_disk_kms_key": "",
                "disk_size_gb": 100,
                "disk_type": "pd-balanced",
                "gcfs_config": [],
                "guest_accelerator": [],
                "gvnic": [],
                "image_type": "COS_CONTAINERD",
                "kubelet_config": [],
                "labels": {},
                "linux_node_config": [],
                "local_ssd_count": 0,
                "logging_variant": "DEFAULT",
                "machine_type": "g1-small",
                "metadata": {
                  "disable-legacy-endpoints": "true"
                },
                "min_cpu_platform": "",
                "node_group": "",
                "oauth_scopes": [
                  "https://www.googleapis.com/auth/devstorage.read_only",
                  "https://www.googleapis.com/auth/logging.write",
                  "https://www.googleapis.com/auth/monitoring",
                  "https://www.googleapis.com/auth/service.management.readonly",
                  "https://www.googleapis.com/auth/servicecontrol",
                  "https://www.googleapis.com/auth/trace.append"
                ],
                "preemptible": false,
                "reservation_affinity": [],
                "resource_labels": null,
                "service_account": "default",
                "shielded_instance_config": [
                  {
                    "enable_integrity_monitoring": true,
                    "enable_secure_boot": false
                  }
                ],
                "spot": false,
                "tags": null,
                "taint": [],
                "workload_metadata_config": [
                  {
                    "mode": "GKE_METADATA"
                  }
                ]
              }
            ],
            "node_count": 2,
            "node_locations": [
              "europe-west4-a",
              "europe-west4-b",
              "europe-west4-c"
            ],
            "operation": null,
            "placement_policy": [],
            "project": "vshpelyk-devops",
            "timeouts": null,
            "upgrade_settings": [
              {
                "blue_green_settings": [],
                "max_surge": 1,
                "max_unavailable": 0,
                "strategy": "SURGE"
              }
            ],
            "version": "1.28.7-gke.1026000"
          },
          "sensitive_attributes": [],
          "private": "eyJlMmJmYjczMC1lY2FhLTExZTYtOGY4OC0zNDM2M2JjN2M0YzAiOnsiY3JlYXRlIjoxODAwMDAwMDAwMDAwLCJkZWxldGUiOjE4MDAwMDAwMDAwMDAsInVwZGF0ZSI6MTgwMDAwMDAwMDAwMH0sInNjaGVtYV92ZXJzaW9uIjoiMSJ9",
          "dependencies": [
            "module.gke_cluster.google_container_cluster.this"
          ]
        }
      ]
    },
    {
      "module": "module.gke_cluster",
      "mode": "managed",
      "type": "local_file",
      "name": "kubeconfig",
      "provider": "provider[\"registry.terraform.io/hashicorp/local\"]",
      "instances": [
        {
          "schema_version": 0,
          "attributes": {
            "content": "apiVersion: v1\nclusters:\n- cluster:\n    certificate-authority-data: LS0tLS1CRUdJTiBDRVJUSUZJQ0FURS0tLS0tCk1JSUVMVENDQXBXZ0F3SUJBZ0lSQVByeHZjL1JGb0tJYnFFc0VjT2RiUDB3RFFZSktvWklodmNOQVFFTEJRQXcKTHpFdE1Dc0dBMVVFQXhNa1ptSXlNakEwTVRrdE1UZ3lNaTAwTXpNeExUazRaVFF0Wm1JNFptSmlNRFUyWXpCbApNQ0FYRFRJME1EVXhNekU1TWpJMU5Gb1lEekl3TlRRd05UQTJNakF5TWpVMFdqQXZNUzB3S3dZRFZRUURFeVJtCllqSXlNRFF4T1MweE9ESXlMVFF6TXpFdE9UaGxOQzFtWWpobVltSXdOVFpqTUdVd2dnR2lNQTBHQ1NxR1NJYjMKRFFFQkFRVUFBNElCandBd2dnR0tBb0lCZ1FDSFpkUUJOMXFmdmZPb0lRakNSTWNKWnFkeWMzRG1vZHNsdEZuaApzczh5ZzVEc2trMFVUWE5GSVBlZ3FZM2lZSFdocVFHbzh5bE1hOVhKUWZpS3NmZTZHRzZBb01RMSs2dFdMMzZCCmt3RXN5cXlTVjM1TEw1ZC9WendQWFA4NzNsR0ltMHRPcjBseGxUV0lNaEV3czhyTC9wVzBFWmtXTnZ2R1N1c0sKcDdEakptaFBxc2tUb0x1M3BFWXJXK2JjZ1lwYlNXeGVDVWlxZlo5aGpxandzWEttMmM1MzVEUC9OOEJuakRjWQpHRU1HN08weGxCVEU0NkFVQkN0bUVNZlJvcW80c20xUE1rRkt6aEo3RWFvN2hCTmlndkxxY21VWXNOanFnQVNSCmNZakZGdVhvZ01QZlVwMGZDcVVRV0d3bHM0MGxCWmdQWDZFMlFIOTVLNmJvMXo5UllpUlc2ZDJ4K0ZBT3JKRk0KaUE3d0hhZGVJL2daVyt0NEFsNGZtTnJWOWxlV3NGVEgzUlJUYzVURkEwYkdYNnJVWU4rc3YrV04zcjNtMEM1RAo4eE1xc3k2ZjdYd0hHN2UvYzh5TkU3S2dLMGZqSzRmNVZ5NytaQmF3NzhVWFlaVW1ROFNIeWJ4cGdkUXBzZG1kCi9UTytOaU5IOUY2RVRqM3A3WGlGcDFSSXZVVUNBd0VBQWFOQ01FQXdEZ1lEVlIwUEFRSC9CQVFEQWdJRU1BOEcKQTFVZEV3RUIvd1FGTUFNQkFmOHdIUVlEVlIwT0JCWUVGTUNpaTByclVlbTVwbHdYbVpHMWhrNzhsS3pITUEwRwpDU3FHU0liM0RRRUJDd1VBQTRJQmdRQTJVNjh3Zlg2RmswTXRjTlVDMGNQT2Y3RTVLYVUzcjc0SWtLQ05SWTR3Ck8xeExlUXVQZ1Y4S0Ntd2k0Uzh3dnFmbGVTV0hLTzN4UEY3UVJGMXVOQWZIVFB2TmQzaE5BVFo0eVRWZlp5OW4KQnN2UWJsZXowSmhaRWNJanp5SlBOaGd0R2UzdXZSN0VCSmpqMFQ4NWpEd0dyalBiZlMwMlQzcVk2RGZ4VWpNYQpJbmJsU1N1Ums5UWJtVllDM29pdkowcHFGR1Z2bEdzeVN0U2JSamhSb2F1K0N5RXNjVFM0Sm81RFhzTVUvYytBCnN2THYvQzdYdmtzNERPaFArRm1MaGpkWGUrQW44OVgxU3FjR2dIZ1dlV09OcXI2c1lhYWFleURZbkpma1pXN0cKSUNxMUFhV0Y2QkViTjlsRHpKcHJiRk5zTGJZOVNrT21DVE9vZmFZaU5nT0Z5MWtBMEN0WlZZVmhQYi9SWko3TgpCYkdYZUFjREJtbXh3a0RNNGJrYkF3T21EemVsaXdVWkY3bkpyS0lKdW54ZWdRSGNac1hQejlsUDNiUFFGQm9WClhDUlE2a29GT0U4Q2czQmkxQlFXL0ZMTDR4dmsrcSt2bDgxalJtRG9hbEVJUnVSSmFtS0NZOWNldnAyb1NsQisKNytOSEg3QXgyNVU0NThFTW91Y2g0MEU9Ci0tLS0tRU5EIENFUlRJRklDQVRFLS0tLS0K\n    server: https://35.204.177.63\n  name: main\ncontexts:\n- context:\n    cluster: main\n    user: main\n  name: main\ncurrent-context: main\nkind: Config\npreferences: {}\nusers:\n- name: main\n  user:\n    token: ya29.a0AXooCgs7GzE4oTli5CJvqHY4twkrem6tH7-xf8bfsTe_QaXF0nHh3FPnlGU24-ArfFEVdc8Nb-40tAlr80L3xVkvWROon0UJKLaS9p-RessgrbRHTrWDJ2Qbb8B29LvVUhE1s_nnD_-FrTATJUt_3dJZtT7JVr3Uy5_gaCgYKASwSARISFQHGX2Miuw5XcT476Pit8X0JTC1ZpQ0171\n",
            "content_base64": null,
            "content_base64sha256": "mYtlAmDB61dNRRm9eCowc39eMTolWnkUyYUdzOKaHjQ=",
            "content_base64sha512": "zslDUraP/GZh08xiqyttvf62EM9GiUnhVkrajYriQMKZUms6+aRxrqmJczRRpvCXBotfmN2uu+AIIHuVNm3Txg==",
            "content_md5": "e65b70c1d13b9215bad49e3e8f91022c",
            "content_sha1": "fe0371e96371bcc4be0884d2ff3c77a0d6717d5f",
            "content_sha256": "998b650260c1eb574d4519bd782a30737f5e313a255a7914c9851dcce29a1e34",
            "content_sha512": "cec94352b68ffc6661d3cc62ab2b6dbdfeb610cf468949e1564ada8d8ae240c299526b3af9a471aea989733451a6f097068b5f98ddaebbe008207b95366dd3c6",
            "directory_permission": "0777",
            "file_permission": "0400",
            "filename": ".terraform/modules/gke_cluster/kubeconfig",
            "id": "fe0371e96371bcc4be0884d2ff3c77a0d6717d5f",
            "sensitive_content": null,
            "source": null
          },
          "sensitive_attributes": [
            [
              {
                "type": "get_attr",
                "value": "sensitive_content"
              }
            ],
            [
              {
                "type": "get_attr",
                "value": "content"
              }
            ]
          ],
          "dependencies": [
            "module.gke_cluster.google_container_cluster.this",
            "module.gke_cluster.module.gke_auth.data.google_client_config.provider",
            "module.gke_cluster.module.gke_auth.data.google_container_cluster.gke_cluster"
          ]
        }
      ]
    },
    {
      "module": "module.gke_cluster.module.gke_auth",
      "mode": "data",
      "type": "google_client_config",
      "name": "provider",
      "provider": "module.gke_cluster.provider[\"registry.terraform.io/hashicorp/google\"]",
      "instances": [
        {
          "schema_version": 0,
          "attributes": {
            "access_token": "ya29.a0AXooCgs7GzE4oTli5CJvqHY4twkrem6tH7-xf8bfsTe_QaXF0nHh3FPnlGU24-ArfFEVdc8Nb-40tAlr80L3xVkvWROon0UJKLaS9p-RessgrbRHTrWDJ2Qbb8B29LvVUhE1s_nnD_-FrTATJUt_3dJZtT7JVr3Uy5_gaCgYKASwSARISFQHGX2Miuw5XcT476Pit8X0JTC1ZpQ0171",
            "id": "projects/vshpelyk-devops/regions/europe-west4/zones/",
            "project": "vshpelyk-devops",
            "region": "europe-west4",
            "zone": ""
          },
          "sensitive_attributes": [
            [
              {
                "type": "get_attr",
                "value": "access_token"
              }
            ]
          ]
        }
      ]
    },
    {
      "module": "module.gke_cluster.module.gke_auth",
      "mode": "data",
      "type": "google_container_cluster",
      "name": "gke_cluster",
      "provider": "module.gke_cluster.provider[\"registry.terraform.io/hashicorp/google\"]",
      "instances": [
        {
          "schema_version": 0,
          "attributes": {
            "addons_config": [
              {
                "cloudrun_config": [],
                "config_connector_config": [],
                "dns_cache_config": [],
                "gce_persistent_disk_csi_driver_config": [
                  {
                    "enabled": true
                  }
                ],
                "gcp_filestore_csi_driver_config": [],
                "gke_backup_agent_config": [],
                "horizontal_pod_autoscaling": [],
                "http_load_balancing": [],
                "network_policy_config": [
                  {
                    "disabled": true
                  }
                ]
              }
            ],
            "authenticator_groups_config": [],
            "binary_authorization": [
              {
                "enabled": false,
                "evaluation_mode": ""
              }
            ],
            "cluster_autoscaling": [
              {
                "auto_provisioning_defaults": [],
                "enabled": false,
                "resource_limits": []
              }
            ],
            "cluster_ipv4_cidr": "10.4.0.0/14",
            "confidential_nodes": [],
            "cost_management_config": [],
            "database_encryption": [
              {
                "key_name": "",
                "state": "DECRYPTED"
              }
            ],
            "datapath_provider": "",
            "default_max_pods_per_node": null,
            "default_snat_status": [
              {
                "disabled": false
              }
            ],
            "description": "",
            "dns_config": [],
            "enable_autopilot": false,
            "enable_binary_authorization": false,
            "enable_intranode_visibility": false,
            "enable_kubernetes_alpha": false,
            "enable_l4_ilb_subsetting": false,
            "enable_legacy_abac": false,
            "enable_shielded_nodes": true,
            "enable_tpu": false,
            "endpoint": "35.204.177.63",
            "gateway_api_config": [],
            "id": "projects/vshpelyk-devops/locations/europe-west4/clusters/main",
            "initial_node_count": 10,
            "ip_allocation_policy": [],
            "label_fingerprint": "a9dc16a7",
            "location": "europe-west4",
            "logging_config": [
              {
                "enable_components": [
                  "SYSTEM_COMPONENTS",
                  "WORKLOADS"
                ]
              }
            ],
            "logging_service": "logging.googleapis.com/kubernetes",
            "maintenance_policy": [],
            "master_auth": [
              {
                "client_certificate": "",
                "client_certificate_config": [
                  {
                    "issue_client_certificate": false
                  }
                ],
                "client_key": "",
                "cluster_ca_certificate": "LS0tLS1CRUdJTiBDRVJUSUZJQ0FURS0tLS0tCk1JSUVMVENDQXBXZ0F3SUJBZ0lSQVByeHZjL1JGb0tJYnFFc0VjT2RiUDB3RFFZSktvWklodmNOQVFFTEJRQXcKTHpFdE1Dc0dBMVVFQXhNa1ptSXlNakEwTVRrdE1UZ3lNaTAwTXpNeExUazRaVFF0Wm1JNFptSmlNRFUyWXpCbApNQ0FYRFRJME1EVXhNekU1TWpJMU5Gb1lEekl3TlRRd05UQTJNakF5TWpVMFdqQXZNUzB3S3dZRFZRUURFeVJtCllqSXlNRFF4T1MweE9ESXlMVFF6TXpFdE9UaGxOQzFtWWpobVltSXdOVFpqTUdVd2dnR2lNQTBHQ1NxR1NJYjMKRFFFQkFRVUFBNElCandBd2dnR0tBb0lCZ1FDSFpkUUJOMXFmdmZPb0lRakNSTWNKWnFkeWMzRG1vZHNsdEZuaApzczh5ZzVEc2trMFVUWE5GSVBlZ3FZM2lZSFdocVFHbzh5bE1hOVhKUWZpS3NmZTZHRzZBb01RMSs2dFdMMzZCCmt3RXN5cXlTVjM1TEw1ZC9WendQWFA4NzNsR0ltMHRPcjBseGxUV0lNaEV3czhyTC9wVzBFWmtXTnZ2R1N1c0sKcDdEakptaFBxc2tUb0x1M3BFWXJXK2JjZ1lwYlNXeGVDVWlxZlo5aGpxandzWEttMmM1MzVEUC9OOEJuakRjWQpHRU1HN08weGxCVEU0NkFVQkN0bUVNZlJvcW80c20xUE1rRkt6aEo3RWFvN2hCTmlndkxxY21VWXNOanFnQVNSCmNZakZGdVhvZ01QZlVwMGZDcVVRV0d3bHM0MGxCWmdQWDZFMlFIOTVLNmJvMXo5UllpUlc2ZDJ4K0ZBT3JKRk0KaUE3d0hhZGVJL2daVyt0NEFsNGZtTnJWOWxlV3NGVEgzUlJUYzVURkEwYkdYNnJVWU4rc3YrV04zcjNtMEM1RAo4eE1xc3k2ZjdYd0hHN2UvYzh5TkU3S2dLMGZqSzRmNVZ5NytaQmF3NzhVWFlaVW1ROFNIeWJ4cGdkUXBzZG1kCi9UTytOaU5IOUY2RVRqM3A3WGlGcDFSSXZVVUNBd0VBQWFOQ01FQXdEZ1lEVlIwUEFRSC9CQVFEQWdJRU1BOEcKQTFVZEV3RUIvd1FGTUFNQkFmOHdIUVlEVlIwT0JCWUVGTUNpaTByclVlbTVwbHdYbVpHMWhrNzhsS3pITUEwRwpDU3FHU0liM0RRRUJDd1VBQTRJQmdRQTJVNjh3Zlg2RmswTXRjTlVDMGNQT2Y3RTVLYVUzcjc0SWtLQ05SWTR3Ck8xeExlUXVQZ1Y4S0Ntd2k0Uzh3dnFmbGVTV0hLTzN4UEY3UVJGMXVOQWZIVFB2TmQzaE5BVFo0eVRWZlp5OW4KQnN2UWJsZXowSmhaRWNJanp5SlBOaGd0R2UzdXZSN0VCSmpqMFQ4NWpEd0dyalBiZlMwMlQzcVk2RGZ4VWpNYQpJbmJsU1N1Ums5UWJtVllDM29pdkowcHFGR1Z2bEdzeVN0U2JSamhSb2F1K0N5RXNjVFM0Sm81RFhzTVUvYytBCnN2THYvQzdYdmtzNERPaFArRm1MaGpkWGUrQW44OVgxU3FjR2dIZ1dlV09OcXI2c1lhYWFleURZbkpma1pXN0cKSUNxMUFhV0Y2QkViTjlsRHpKcHJiRk5zTGJZOVNrT21DVE9vZmFZaU5nT0Z5MWtBMEN0WlZZVmhQYi9SWko3TgpCYkdYZUFjREJtbXh3a0RNNGJrYkF3T21EemVsaXdVWkY3bkpyS0lKdW54ZWdRSGNac1hQejlsUDNiUFFGQm9WClhDUlE2a29GT0U4Q2czQmkxQlFXL0ZMTDR4dmsrcSt2bDgxalJtRG9hbEVJUnVSSmFtS0NZOWNldnAyb1NsQisKNytOSEg3QXgyNVU0NThFTW91Y2g0MEU9Ci0tLS0tRU5EIENFUlRJRklDQVRFLS0tLS0K"
              }
            ],
            "master_authorized_networks_config": [],
            "master_version": "1.28.7-gke.1026000",
            "mesh_certificates": [],
            "min_master_version": null,
            "monitoring_config": [
              {
                "enable_components": [
                  "SYSTEM_COMPONENTS"
                ],
                "managed_prometheus": [
                  {
                    "enabled": true
                  }
                ]
              }
            ],
            "monitoring_service": "monitoring.googleapis.com/kubernetes",
            "name": "main",
            "network": "projects/vshpelyk-devops/global/networks/default",
            "network_policy": [
              {
                "enabled": false,
                "provider": "PROVIDER_UNSPECIFIED"
              }
            ],
            "networking_mode": "ROUTES",
            "node_config": [],
            "node_locations": [
              "europe-west4-a",
              "europe-west4-b",
              "europe-west4-c"
            ],
            "node_pool": [],
            "node_pool_defaults": [
              {
                "node_config_defaults": [
                  {
                    "logging_variant": "DEFAULT"
                  }
                ]
              }
            ],
            "node_version": "1.28.7-gke.1026000",
            "notification_config": [
              {
                "pubsub": [
                  {
                    "enabled": false,
                    "filter": [],
                    "topic": ""
                  }
                ]
              }
            ],
            "operation": null,
            "private_cluster_config": [
              {
                "enable_private_endpoint": false,
                "enable_private_nodes": false,
                "master_global_access_config": [
                  {
                    "enabled": false
                  }
                ],
                "master_ipv4_cidr_block": "",
                "peering_name": "",
                "private_endpoint": "10.164.0.2",
                "private_endpoint_subnetwork": "",
                "public_endpoint": "35.204.177.63"
              }
            ],
            "private_ipv6_google_access": "",
            "project": "vshpelyk-devops",
            "release_channel": [
              {
                "channel": "REGULAR"
              }
            ],
            "remove_default_node_pool": null,
            "resource_labels": {},
            "resource_usage_export_config": [],
            "self_link": "https://container.googleapis.com/v1/projects/vshpelyk-devops/locations/europe-west4/clusters/main",
            "service_external_ips_config": [
              {
                "enabled": false
              }
            ],
            "services_ipv4_cidr": "10.7.240.0/20",
            "subnetwork": "projects/vshpelyk-devops/regions/europe-west4/subnetworks/default",
            "tpu_ipv4_cidr_block": "",
            "vertical_pod_autoscaling": [],
            "workload_identity_config": [
              {
                "workload_pool": "vshpelyk-devops.svc.id.goog"
              }
            ]
          },
          "sensitive_attributes": []
        }
      ]
    }
  ],
  "check_results": null
}
